<?xml version="1.0" encoding="utf-8"?>
<Project ToolsVersion="4.0" xmlns="http://schemas.microsoft.com/developer/msbuild/2003">
  <ItemGroup>
    <Filter Include="Source Files">
      <UniqueIdentifier>{4FC737F1-C7A5-4376-A066-2A32D752A2FF}</UniqueIdentifier>
      <Extensions>cpp;c;cc;cxx;c++;cppm;ixx;def;odl;idl;hpj;bat;asm;asmx</Extensions>
    </Filter>
    <Filter Include="Header Files">
      <UniqueIdentifier>{93995380-89BD-4b04-88EB-625FBE52EBFB}</UniqueIdentifier>
      <Extensions>h;hh;hpp;hxx;h++;hm;inl;inc;ipp;xsd</Extensions>
    </Filter>
    <Filter Include="Resource Files">
      <UniqueIdentifier>{67DA6AB6-F800-4c08-8B7A-83BB121AAD01}</UniqueIdentifier>
      <Extensions>rc;ico;cur;bmp;dlg;rc2;rct;bin;rgs;gif;jpg;jpeg;jpe;resx;tiff;tif;png;wav;mfcribbon-ms</Extensions>
    </Filter>
  </ItemGroup>
  <ItemGroup>
    <ClCompile Include="Dangeon&amp;Dragons.cpp">
      <Filter>Source Files</Filter>
    </ClCompile>
    <ClCompile Include="Dodge\audio\Audio.cpp">
      <Filter>Source Files</Filter>
    </ClCompile>
    <ClCompile Include="Dodge\audio\AudioController.cpp">
      <Filter>Source Files</Filter>
    </ClCompile>
    <ClCompile Include="Dodge\Color.cpp">
      <Filter>Source Files</Filter>
    </ClCompile>
    <ClCompile Include="Dodge\Coord.cpp">
      <Filter>Source Files</Filter>
    </ClCompile>
    <ClCompile Include="Dodge\Figures.cpp">
      <Filter>Source Files</Filter>
    </ClCompile>
    <ClCompile Include="Dodge\audio\FrameSound.cpp">
      <Filter>Source Files</Filter>
    </ClCompile>
    <ClCompile Include="Dodge\audio\FrameSoundsController.cpp">
      <Filter>Source Files</Filter>
    </ClCompile>
    <ClCompile Include="Dodge\functions.cpp">
      <Filter>Source Files</Filter>
    </ClCompile>
    <ClCompile Include="Dodge\images\Image.cpp">
      <Filter>Source Files</Filter>
    </ClCompile>
    <ClCompile Include="Dodge\images\ImagesController.cpp">
      <Filter>Source Files</Filter>
    </ClCompile>
    <ClCompile Include="Dodge\keyboard\Keyboard.cpp">
      <Filter>Source Files</Filter>
    </ClCompile>
    <ClCompile Include="Dodge\keyboard\KeyboardKey.cpp">
      <Filter>Source Files</Filter>
    </ClCompile>
    <ClCompile Include="Dodge\MainWindow.cpp">
      <Filter>Source Files</Filter>
    </ClCompile>
    <ClCompile Include="Dodge\Material.cpp">
      <Filter>Source Files</Filter>
    </ClCompile>
    <ClCompile Include="Dodge\Mouse.cpp">
      <Filter>Source Files</Filter>
    </ClCompile>
    <ClCompile Include="Dodge\collisions\PoligonCollisionsController.cpp">
      <Filter>Source Files</Filter>
    </ClCompile>
    <ClCompile Include="Dodge\Save.cpp">
      <Filter>Source Files</Filter>
    </ClCompile>
    <ClCompile Include="Dodge\Shader.cpp">
      <Filter>Source Files</Filter>
    </ClCompile>
    <ClCompile Include="Dodge\Size.cpp">
      <Filter>Source Files</Filter>
    </ClCompile>
    <ClCompile Include="Dodge\audio\SoundSystem.cpp">
      <Filter>Source Files</Filter>
    </ClCompile>
    <ClCompile Include="Dodge\Timer.cpp">
      <Filter>Source Files</Filter>
    </ClCompile>
    <ClCompile Include="Dodge\Window.cpp">
      <Filter>Source Files</Filter>
    </ClCompile>
    <ClCompile Include="Dodge\tiny\Tile.cpp">
      <Filter>Source Files</Filter>
    </ClCompile>
    <ClCompile Include="Dodge\tiny\TileMap.cpp">
      <Filter>Source Files</Filter>
    </ClCompile>
    <ClCompile Include="Dodge\tiny\Tileset.cpp">
      <Filter>Source Files</Filter>
    </ClCompile>
    <ClCompile Include="Dodge\tiny\TilesetsController.cpp">
      <Filter>Source Files</Filter>
    </ClCompile>
    <ClCompile Include="Dodge\tiny\TinyClass.cpp">
      <Filter>Source Files</Filter>
    </ClCompile>
    <ClCompile Include="Dodge\tiny\TinyClassController.cpp">
      <Filter>Source Files</Filter>
    </ClCompile>
    <ClCompile Include="Dodge\tiny\TinyMap.cpp">
      <Filter>Source Files</Filter>
    </ClCompile>
    <ClCompile Include="Dodge\tiny\TinySpriteLayer.cpp">
      <Filter>Source Files</Filter>
    </ClCompile>
    <ClCompile Include="Dodge\tiny\TinySrpiteLayersController.cpp">
      <Filter>Source Files</Filter>
    </ClCompile>
    <ClCompile Include="Dodge\tiny\TinyXml.cpp">
      <Filter>Source Files</Filter>
    </ClCompile>
    <ClCompile Include="Dodge\pawn\Pawn.cpp">
      <Filter>Source Files</Filter>
    </ClCompile>
    <ClCompile Include="Dodge\materials\figures\BaseFigureMaterial.cpp">
      <Filter>Source Files</Filter>
    </ClCompile>
    <ClCompile Include="Dodge\animator\SpriteAnimation.cpp">
      <Filter>Source Files</Filter>
    </ClCompile>
    <ClCompile Include="Dodge\animator\SpriteAnimationController.cpp">
      <Filter>Source Files</Filter>
    </ClCompile>
    <ClCompile Include="Dodge\collisions\BoxCollision.cpp">
      <Filter>Source Files</Filter>
    </ClCompile>
    <ClCompile Include="Dodge\collisions\CollisionsController.cpp">
      <Filter>Source Files</Filter>
    </ClCompile>
    <ClCompile Include="Dodge\collisions\PoligonCollision.cpp">
      <Filter>Source Files</Filter>
    </ClCompile>
    <ClCompile Include="Dodge\figures\Rect.cpp">
      <Filter>Source Files</Filter>
    </ClCompile>
    <ClCompile Include="Dodge\font\Character.cpp">
      <Filter>Source Files</Filter>
    </ClCompile>
    <ClCompile Include="Dodge\font\Font.cpp">
      <Filter>Source Files</Filter>
    </ClCompile>
    <ClCompile Include="Dodge\glad\glad.c">
      <Filter>Source Files</Filter>
    </ClCompile>
    <ClCompile Include="Dodge\tiny\Animation\Animation.cpp">
      <Filter>Source Files</Filter>
    </ClCompile>
    <ClCompile Include="Dodge\animator\VertexAnimation.cpp">
      <Filter>Source Files</Filter>
    </ClCompile>
    <ClCompile Include="Dodge\animator\AnimationController.cpp">
      <Filter>Source Files</Filter>
    </ClCompile>
    <ClCompile Include="Dodge\tiny\TilesetProperties\BoolPropertie.cpp">
      <Filter>Source Files</Filter>
    </ClCompile>
    <ClCompile Include="Dodge\tiny\TilesetProperties\Propertie.cpp">
      <Filter>Source Files</Filter>
    </ClCompile>
    <ClCompile Include="Dodge\tiny\TilesetProperties\StringPropertie.cpp">
      <Filter>Source Files</Filter>
    </ClCompile>
    <ClCompile Include="Dodge\tiny\TilesetProperties\TilesetPropertiesController.cpp">
      <Filter>Source Files</Filter>
    </ClCompile>
    <ClCompile Include="Dodge\tiny\TilesetProperties\PropertiesFactory.cpp">
      <Filter>Source Files</Filter>
    </ClCompile>
    <ClCompile Include="Dodge\tiny\Animation\Frame.cpp">
      <Filter>Source Files</Filter>
    </ClCompile>
    <ClCompile Include="Content\Scripts\Maps\WonderWorld\WonderWold.cpp">
      <Filter>Source Files</Filter>
    </ClCompile>
    <ClCompile Include="Dodge\tiny\TinyChunk.cpp">
      <Filter>Source Files</Filter>
    </ClCompile>
    <ClCompile Include="Dodge\images\SlicedImage.cpp">
      <Filter>Source Files</Filter>
    </ClCompile>
    <ClCompile Include="Content\Scripts\Characters\Player\Player.cpp">
      <Filter>Source Files</Filter>
    </ClCompile>
    <ClCompile Include="Dodge\Layers.h">
      <Filter>Source Files</Filter>
    </ClCompile>
    <ClCompile Include="Dodge\animator\AnimationsFactory.cpp">
      <Filter>Source Files</Filter>
    </ClCompile>
    <ClCompile Include="Dodge\camera\Camera.cpp">
      <Filter>Source Files</Filter>
    </ClCompile>
    <ClCompile Include="Dodge\math\Vec2.cpp">
      <Filter>Source Files</Filter>
    </ClCompile>
    <ClCompile Include="Dodge\math\Mat4.cpp">
      <Filter>Source Files</Filter>
    </ClCompile>
    <ClCompile Include="Dodge\tiny\TilesetProperties\IntPropertie.cpp">
      <Filter>Source Files</Filter>
    </ClCompile>
    <ClCompile Include="Content\Scripts\Characters\Enemys\Skeleton.cpp">
      <Filter>Source Files</Filter>
    </ClCompile>
    <ClCompile Include="Content\Scripts\AI\Node.cpp">
      <Filter>Source Files</Filter>
    </ClCompile>
    <ClCompile Include="Content\Scripts\AI\Movement.cpp">
      <Filter>Source Files</Filter>
    </ClCompile>
    <ClCompile Include="Dodge\raycast\Raycast.cpp">
      <Filter>Source Files</Filter>
    </ClCompile>
    <ClCompile Include="Dodge\raycast\Ray.cpp">
      <Filter>Source Files</Filter>
    </ClCompile>
    <ClCompile Include="Dodge\raycast\RayFactory.cpp">
      <Filter>Source Files</Filter>
    </ClCompile>
    <ClCompile Include="Content\Scripts\Utilities\PlayerUtilities.cpp">
      <Filter>Source Files</Filter>
    </ClCompile>
    <ClCompile Include="Dodge\GameObjects.cpp">
      <Filter>Source Files</Filter>
    </ClCompile>
    <ClCompile Include="Dodge\threads\GameThreads.cpp">
      <Filter>Source Files</Filter>
    </ClCompile>
    <ClCompile Include="Dodge\threads\Thread.cpp">
      <Filter>Source Files</Filter>
    </ClCompile>
    <ClCompile Include="Content\Scripts\Utilities\RaycastUtilities.cpp">
      <Filter>Source Files</Filter>
    </ClCompile>
    <ClCompile Include="Content\Scripts\UI\ProgressBar\HpBar\HpBar.cpp">
      <Filter>Source Files</Filter>
    </ClCompile>
    <ClCompile Include="Dodge\Sides.cpp">
      <Filter>Source Files</Filter>
    </ClCompile>
    <ClCompile Include="Content\Scripts\Screens\Screen.cpp">
      <Filter>Source Files</Filter>
    </ClCompile>
    <ClCompile Include="Content\Scripts\Screens\MainWindowLoading\MainWindowLoading.cpp">
      <Filter>Source Files</Filter>
    </ClCompile>
    <ClCompile Include="Dodge\utilities\string.cpp">
      <Filter>Source Files</Filter>
    </ClCompile>
    <ClCompile Include="Content\Scripts\Screens\LoadingScreen\LoadingScreen.cpp">
      <Filter>Source Files</Filter>
    </ClCompile>
    <ClCompile Include="Content\Scripts\UI\ProgressBar\ProgressBar.cpp">
      <Filter>Source Files</Filter>
    </ClCompile>
    <ClCompile Include="Content\Scripts\UI\ProgressBar\TextureProgressBar\TextureProgressBar.cpp">
      <Filter>Source Files</Filter>
    </ClCompile>
    <ClCompile Include="Content\Scripts\UI\ProgressBar\utilities.cpp">
      <Filter>Source Files</Filter>
    </ClCompile>
    <ClCompile Include="Dodge\WindowPointerController.cpp">
      <Filter>Source Files</Filter>
    </ClCompile>
    <ClCompile Include="Dodge\WindowPointerBase.cpp">
      <Filter>Source Files</Filter>
    </ClCompile>
    <ClCompile Include="Dodge\font\Fonts.cpp">
      <Filter>Source Files</Filter>
    </ClCompile>
    <ClCompile Include="Dodge\font\FontRenderOptions.cpp">
      <Filter>Source Files</Filter>
    </ClCompile>
    <ClCompile Include="Dodge\font\Padding.cpp">
      <Filter>Source Files</Filter>
    </ClCompile>
    <ClCompile Include="Content\Scripts\UI\PauseMenu\PauseMenu.cpp">
      <Filter>Source Files</Filter>
    </ClCompile>
  </ItemGroup>
  <ItemGroup>
    <ClInclude Include="Dodge\audio\Audio.h">
      <Filter>Header Files</Filter>
    </ClInclude>
    <ClInclude Include="Dodge\audio\AudioController.h">
      <Filter>Header Files</Filter>
    </ClInclude>
    <ClInclude Include="Dodge\Cell.h">
      <Filter>Header Files</Filter>
    </ClInclude>
    <ClInclude Include="Dodge\Color.h">
      <Filter>Header Files</Filter>
    </ClInclude>
    <ClInclude Include="Dodge\Coord.h">
      <Filter>Header Files</Filter>
    </ClInclude>
    <ClInclude Include="Dodge\Directions.h">
      <Filter>Header Files</Filter>
    </ClInclude>
    <ClInclude Include="Dodge\Figures.h">
      <Filter>Header Files</Filter>
    </ClInclude>
    <ClInclude Include="Dodge\audio\FrameSound.h">
      <Filter>Header Files</Filter>
    </ClInclude>
    <ClInclude Include="Dodge\audio\FrameSoundsController.h">
      <Filter>Header Files</Filter>
    </ClInclude>
    <ClInclude Include="Dodge\functions.h">
      <Filter>Header Files</Filter>
    </ClInclude>
    <ClInclude Include="Dodge\GameStatuses.h">
      <Filter>Header Files</Filter>
    </ClInclude>
    <ClInclude Include="Dodge\IGameObject.h">
      <Filter>Header Files</Filter>
    </ClInclude>
    <ClInclude Include="Dodge\images\Image.h">
      <Filter>Header Files</Filter>
    </ClInclude>
    <ClInclude Include="Dodge\images\ImagesController.h">
      <Filter>Header Files</Filter>
    </ClInclude>
    <ClInclude Include="Dodge\keyboard\Keyboard.h">
      <Filter>Header Files</Filter>
    </ClInclude>
    <ClInclude Include="Dodge\keyboard\KeyboardKey.h">
      <Filter>Header Files</Filter>
    </ClInclude>
    <ClInclude Include="Dodge\keyboard\KeyboardKeys.h">
      <Filter>Header Files</Filter>
    </ClInclude>
    <ClInclude Include="Dodge\MainWindow.h">
      <Filter>Header Files</Filter>
    </ClInclude>
    <ClInclude Include="Dodge\Material.h">
      <Filter>Header Files</Filter>
    </ClInclude>
    <ClInclude Include="Dodge\Mouse.h">
      <Filter>Header Files</Filter>
    </ClInclude>
    <ClInclude Include="Dodge\collisions\PoligonCollisionsController.h">
      <Filter>Header Files</Filter>
    </ClInclude>
    <ClInclude Include="Dodge\Save.h">
      <Filter>Header Files</Filter>
    </ClInclude>
    <ClInclude Include="Dodge\Shader.h">
      <Filter>Header Files</Filter>
    </ClInclude>
    <ClInclude Include="Dodge\Size.h">
      <Filter>Header Files</Filter>
    </ClInclude>
    <ClInclude Include="Dodge\audio\SoundSystem.h">
      <Filter>Header Files</Filter>
    </ClInclude>
    <ClInclude Include="Dodge\Timer.h">
      <Filter>Header Files</Filter>
    </ClInclude>
    <ClInclude Include="Dodge\Window.h">
      <Filter>Header Files</Filter>
    </ClInclude>
    <ClInclude Include="Dodge\WindowPointer.h">
      <Filter>Header Files</Filter>
    </ClInclude>
    <ClInclude Include="Dodge\WindowPointerController.h">
      <Filter>Header Files</Filter>
    </ClInclude>
    <ClInclude Include="Dodge\tiny\Tile.h">
      <Filter>Header Files</Filter>
    </ClInclude>
    <ClInclude Include="Dodge\tiny\TileMap.h">
      <Filter>Header Files</Filter>
    </ClInclude>
    <ClInclude Include="Dodge\tiny\Tileset.h">
      <Filter>Header Files</Filter>
    </ClInclude>
    <ClInclude Include="Dodge\tiny\TilesetsController.h">
      <Filter>Header Files</Filter>
    </ClInclude>
    <ClInclude Include="Dodge\tiny\TinyClass.h">
      <Filter>Header Files</Filter>
    </ClInclude>
    <ClInclude Include="Dodge\tiny\TinyClassController.h">
      <Filter>Header Files</Filter>
    </ClInclude>
    <ClInclude Include="Dodge\tiny\TinyMap.h">
      <Filter>Header Files</Filter>
    </ClInclude>
    <ClInclude Include="Dodge\tiny\TinySpriteLayer.h">
      <Filter>Header Files</Filter>
    </ClInclude>
    <ClInclude Include="Dodge\tiny\TinySrpiteLayersController.h">
      <Filter>Header Files</Filter>
    </ClInclude>
    <ClInclude Include="Dodge\tiny\TinyXml.h">
      <Filter>Header Files</Filter>
    </ClInclude>
    <ClInclude Include="Dodge\pawn\Pawn.h">
      <Filter>Header Files</Filter>
    </ClInclude>
    <ClInclude Include="Dodge\materials\figures\BaseFigureMaterial.h">
      <Filter>Header Files</Filter>
    </ClInclude>
    <ClInclude Include="Dodge\animator\IAnimationObject.h">
      <Filter>Header Files</Filter>
    </ClInclude>
    <ClInclude Include="Dodge\animator\SpriteAnimation.h">
      <Filter>Header Files</Filter>
    </ClInclude>
    <ClInclude Include="Dodge\animator\SpriteAnimationController.h">
      <Filter>Header Files</Filter>
    </ClInclude>
    <ClInclude Include="Dodge\collisions\BoxCollision.h">
      <Filter>Header Files</Filter>
    </ClInclude>
    <ClInclude Include="Dodge\collisions\CollisionsController.h">
      <Filter>Header Files</Filter>
    </ClInclude>
    <ClInclude Include="Dodge\collisions\ICollision.h">
      <Filter>Header Files</Filter>
    </ClInclude>
    <ClInclude Include="Dodge\collisions\PoligonCollision.h">
      <Filter>Header Files</Filter>
    </ClInclude>
    <ClInclude Include="Dodge\figures\Rect.h">
      <Filter>Header Files</Filter>
    </ClInclude>
    <ClInclude Include="Dodge\font\Character.h">
      <Filter>Header Files</Filter>
    </ClInclude>
    <ClInclude Include="Dodge\font\Font.h">
      <Filter>Header Files</Filter>
    </ClInclude>
    <ClInclude Include="Dodge\lib\stb_image.h">
      <Filter>Header Files</Filter>
    </ClInclude>
    <ClInclude Include="Dodge\tiny\Animation\Animation.h">
      <Filter>Header Files</Filter>
    </ClInclude>
    <ClInclude Include="Dodge\animator\VertexAnimation.h">
      <Filter>Header Files</Filter>
    </ClInclude>
    <ClInclude Include="Dodge\animator\AnimationController.h">
      <Filter>Header Files</Filter>
    </ClInclude>
    <ClInclude Include="Dodge\tiny\TilesetProperties\BoolPropertie.h">
      <Filter>Header Files</Filter>
    </ClInclude>
    <ClInclude Include="Dodge\tiny\TilesetProperties\Propertie.h">
      <Filter>Header Files</Filter>
    </ClInclude>
    <ClInclude Include="Dodge\tiny\TilesetProperties\StringPropertie.h">
      <Filter>Header Files</Filter>
    </ClInclude>
    <ClInclude Include="Dodge\tiny\TilesetProperties\TilesetPropertiesController.h">
      <Filter>Header Files</Filter>
    </ClInclude>
    <ClInclude Include="Dodge\tiny\TilesetProperties\PropertiesFactory.h">
      <Filter>Header Files</Filter>
    </ClInclude>
    <ClInclude Include="Dodge\animator\IAnimation.h">
      <Filter>Header Files</Filter>
    </ClInclude>
    <ClInclude Include="Dodge\tiny\Animation\Frame.h">
      <Filter>Header Files</Filter>
    </ClInclude>
    <ClInclude Include="Content\Scripts\Maps\WonderWorld\WonderWold.h">
      <Filter>Header Files</Filter>
    </ClInclude>
    <ClInclude Include="Dodge\tiny\TinyChunk.h">
      <Filter>Header Files</Filter>
    </ClInclude>
    <ClInclude Include="Dodge\images\SlicedImage.h">
      <Filter>Header Files</Filter>
    </ClInclude>
    <ClInclude Include="Content\Scripts\Characters\Player\Player.h">
      <Filter>Header Files</Filter>
    </ClInclude>
    <ClInclude Include="Dodge\animator\AnimationsFactory.h">
      <Filter>Header Files</Filter>
    </ClInclude>
    <ClInclude Include="Dodge\pawn\Actions.h">
      <Filter>Header Files</Filter>
    </ClInclude>
    <ClInclude Include="Dodge\camera\Camera.h">
      <Filter>Header Files</Filter>
    </ClInclude>
    <ClInclude Include="Dodge\math\Vec2.h">
      <Filter>Header Files</Filter>
    </ClInclude>
    <ClInclude Include="Dodge\math\Mat4.h">
      <Filter>Header Files</Filter>
    </ClInclude>
    <ClInclude Include="Dodge\tiny\TilesetProperties\IntPropertie.h">
      <Filter>Header Files</Filter>
    </ClInclude>
    <ClInclude Include="Content\Scripts\Characters\Enemys\Skeleton.h">
      <Filter>Header Files</Filter>
    </ClInclude>
    <ClInclude Include="Content\Scripts\AI\Node.h">
      <Filter>Header Files</Filter>
    </ClInclude>
    <ClInclude Include="Content\Scripts\AI\Movement.h">
      <Filter>Header Files</Filter>
    </ClInclude>
    <ClInclude Include="Dodge\audio\AudioStates.h">
      <Filter>Header Files</Filter>
    </ClInclude>
    <ClInclude Include="Dodge\raycast\Raycast.h">
      <Filter>Header Files</Filter>
    </ClInclude>
    <ClInclude Include="Dodge\raycast\Ray.h">
      <Filter>Header Files</Filter>
    </ClInclude>
    <ClInclude Include="Dodge\raycast\RayFactory.h">
      <Filter>Header Files</Filter>
    </ClInclude>
    <ClInclude Include="Content\Scripts\Utilities\PlayerUtilities.h">
      <Filter>Header Files</Filter>
    </ClInclude>
    <ClInclude Include="Dodge\GameObjects.h">
      <Filter>Header Files</Filter>
    </ClInclude>
    <ClInclude Include="Dodge\threads\GameThreads.h">
      <Filter>Header Files</Filter>
    </ClInclude>
    <ClInclude Include="Dodge\threads\Thread.h">
      <Filter>Header Files</Filter>
    </ClInclude>
    <ClInclude Include="Content\Scripts\Utilities\RaycastUtilities.h">
      <Filter>Header Files</Filter>
    </ClInclude>
    <ClInclude Include="Content\Scripts\UI\ProgressBar\HpBar\HpBar.h">
      <Filter>Header Files</Filter>
    </ClInclude>
    <ClInclude Include="Dodge\Sides.h">
      <Filter>Header Files</Filter>
    </ClInclude>
    <ClInclude Include="Content\Scripts\Screens\Screen.h">
      <Filter>Header Files</Filter>
    </ClInclude>
    <ClInclude Include="Content\Scripts\Screens\MainWindowLoading\MainWindowLoading.h">
      <Filter>Header Files</Filter>
    </ClInclude>
    <ClInclude Include="Dodge\utilities\string.h">
      <Filter>Header Files</Filter>
    </ClInclude>
    <ClInclude Include="Content\Scripts\Screens\LoadingScreen\LoadingScreen.h">
      <Filter>Header Files</Filter>
    </ClInclude>
    <ClInclude Include="Content\Scripts\UI\ProgressBar\ProgressBar.h">
      <Filter>Header Files</Filter>
    </ClInclude>
    <ClInclude Include="Content\Scripts\UI\ProgressBar\TextureProgressBar\TextureProgressBar.h">
      <Filter>Header Files</Filter>
    </ClInclude>
    <ClInclude Include="Content\Scripts\UI\ProgressBar\utilities.h">
      <Filter>Header Files</Filter>
    </ClInclude>
    <ClInclude Include="Dodge\WindowPointerBase.h">
      <Filter>Header Files</Filter>
    </ClInclude>
    <ClInclude Include="Dodge\utilities\random.h">
      <Filter>Header Files</Filter>
    </ClInclude>
    <ClInclude Include="Dodge\font\Fonts.h">
      <Filter>Header Files</Filter>
    </ClInclude>
    <ClInclude Include="Dodge\font\FontRenderOptions.h">
      <Filter>Header Files</Filter>
    </ClInclude>
    <ClInclude Include="Dodge\font\Padding.h">
      <Filter>Header Files</Filter>
    </ClInclude>
    <ClInclude Include="Content\Scripts\UI\PauseMenu\PauseMenu.h">
      <Filter>Header Files</Filter>
    </ClInclude>
  </ItemGroup>
  <ItemGroup>
    <Text Include="Dodge\project properties.txt" />
  </ItemGroup>
  <ItemGroup>
    <None Include="Dodge\shaders\Font\fragment.frag" />
    <None Include="Dodge\shaders\Font\vertex.vs" />
  </ItemGroup>
</Project>